// !$*UTF8*$!
{
	archiveVersion = 1;
	classes = {
	};
	objectVersion = 46;
	objects = {

/* Begin PBXBuildFile section */
		04A1F36C1D107C67000D98A5 /* main.m in Sources */ = {isa = PBXBuildFile; fileRef = 04A1F36B1D107C67000D98A5 /* main.m */; };
		04A1F36F1D107C67000D98A5 /* AppDelegate.m in Sources */ = {isa = PBXBuildFile; fileRef = 04A1F36E1D107C67000D98A5 /* AppDelegate.m */; };
		04A1F3711D107C67000D98A5 /* Images.xcassets in Resources */ = {isa = PBXBuildFile; fileRef = 04A1F3701D107C67000D98A5 /* Images.xcassets */; };
		04A1F3741D107C67000D98A5 /* LaunchScreen.xib in Resources */ = {isa = PBXBuildFile; fileRef = 04A1F3721D107C67000D98A5 /* LaunchScreen.xib */; };
		04A1F3801D107C67000D98A5 /* empty1Tests.m in Sources */ = {isa = PBXBuildFile; fileRef = 04A1F37F1D107C67000D98A5 /* empty1Tests.m */; };
		04A1F38C1D107CE8000D98A5 /* QuizViewController.m in Sources */ = {isa = PBXBuildFile; fileRef = 04A1F38A1D107CE8000D98A5 /* QuizViewController.m */; };
		04A1F38D1D107CE8000D98A5 /* QuizViewController.xib in Resources */ = {isa = PBXBuildFile; fileRef = 04A1F38B1D107CE8000D98A5 /* QuizViewController.xib */; };
/* End PBXBuildFile section */

/* Begin PBXContainerItemProxy section */
		04A1F37A1D107C67000D98A5 /* PBXContainerItemProxy */ = {
			isa = PBXContainerItemProxy;
			containerPortal = 04A1F35E1D107C67000D98A5 /* Project object */;
			proxyType = 1;
			remoteGlobalIDString = 04A1F3651D107C67000D98A5;
			remoteInfo = empty1;
		};
/* End PBXContainerItemProxy section */

/* Begin PBXFileReference section */
		04A1F3661D107C67000D98A5 /* empty1.app */ = {isa = PBXFileReference; explicitFileType = wrapper.application; includeInIndex = 0; path = empty1.app; sourceTree = BUILT_PRODUCTS_DIR; };
		04A1F36A1D107C67000D98A5 /* Info.plist */ = {isa = PBXFileReference; lastKnownFileType = text.plist.xml; path = Info.plist; sourceTree = "<group>"; };
		04A1F36B1D107C67000D98A5 /* main.m */ = {isa = PBXFileReference; lastKnownFileType = sourcecode.c.objc; path = main.m; sourceTree = "<group>"; };
		04A1F36D1D107C67000D98A5 /* AppDelegate.h */ = {isa = PBXFileReference; lastKnownFileType = sourcecode.c.h; path = AppDelegate.h; sourceTree = "<group>"; };
		04A1F36E1D107C67000D98A5 /* AppDelegate.m */ = {isa = PBXFileReference; lastKnownFileType = sourcecode.c.objc; path = AppDelegate.m; sourceTree = "<group>"; };
		04A1F3701D107C67000D98A5 /* Images.xcassets */ = {isa = PBXFileReference; lastKnownFileType = folder.assetcatalog; path = Images.xcassets; sourceTree = "<group>"; };
		04A1F3731D107C67000D98A5 /* Base */ = {isa = PBXFileReference; lastKnownFileType = file.xib; name = Base; path = Base.lproj/LaunchScreen.xib; sourceTree = "<group>"; };
		04A1F3791D107C67000D98A5 /* empty1Tests.xctest */ = {isa = PBXFileReference; explicitFileType = wrapper.cfbundle; includeInIndex = 0; path = empty1Tests.xctest; sourceTree = BUILT_PRODUCTS_DIR; };
		04A1F37E1D107C67000D98A5 /* Info.plist */ = {isa = PBXFileReference; lastKnownFileType = text.plist.xml; path = Info.plist; sourceTree = "<group>"; };
		04A1F37F1D107C67000D98A5 /* empty1Tests.m */ = {isa = PBXFileReference; lastKnownFileType = sourcecode.c.objc; path = empty1Tests.m; sourceTree = "<group>"; };
		04A1F3891D107CE8000D98A5 /* QuizViewController.h */ = {isa = PBXFileReference; fileEncoding = 4; lastKnownFileType = sourcecode.c.h; path = QuizViewController.h; sourceTree = "<group>"; };
		04A1F38A1D107CE8000D98A5 /* QuizViewController.m */ = {isa = PBXFileReference; fileEncoding = 4; lastKnownFileType = sourcecode.c.objc; path = QuizViewController.m; sourceTree = "<group>"; };
		04A1F38B1D107CE8000D98A5 /* QuizViewController.xib */ = {isa = PBXFileReference; fileEncoding = 4; lastKnownFileType = file.xib; path = QuizViewController.xib; sourceTree = "<group>"; };
/* End PBXFileReference section */

/* Begin PBXFrameworksBuildPhase section */
		04A1F3631D107C67000D98A5 /* Frameworks */ = {
			isa = PBXFrameworksBuildPhase;
			buildActionMask = 2147483647;
			files = (
			);
			runOnlyForDeploymentPostprocessing = 0;
		};
		04A1F3761D107C67000D98A5 /* Frameworks */ = {
			isa = PBXFrameworksBuildPhase;
			buildActionMask = 2147483647;
			files = (
			);
			runOnlyForDeploymentPostprocessing = 0;
		};
/* End PBXFrameworksBuildPhase section */

/* Begin PBXGroup section */
		04A1F35D1D107C67000D98A5 = {
			isa = PBXGroup;
			children = (
				04A1F3681D107C67000D98A5 /* empty1 */,
				04A1F37C1D107C67000D98A5 /* empty1Tests */,
				04A1F3671D107C67000D98A5 /* Products */,
			);
			sourceTree = "<group>";
		};
		04A1F3671D107C67000D98A5 /* Products */ = {
			isa = PBXGroup;
			children = (
				04A1F3661D107C67000D98A5 /* empty1.app */,
				04A1F3791D107C67000D98A5 /* empty1Tests.xctest */,
			);
			name = Products;
			sourceTree = "<group>";
		};
		04A1F3681D107C67000D98A5 /* empty1 */ = {
			isa = PBXGroup;
			children = (
				04A1F3891D107CE8000D98A5 /* QuizViewController.h */,
				04A1F38A1D107CE8000D98A5 /* QuizViewController.m */,
				04A1F38B1D107CE8000D98A5 /* QuizViewController.xib */,
				04A1F36D1D107C67000D98A5 /* AppDelegate.h */,
				04A1F36E1D107C67000D98A5 /* AppDelegate.m */,
				04A1F3701D107C67000D98A5 /* Images.xcassets */,
				04A1F3721D107C67000D98A5 /* LaunchScreen.xib */,
				04A1F3691D107C67000D98A5 /* Supporting Files */,
			);
			path = empty1;
			sourceTree = "<group>";
		};
		04A1F3691D107C67000D98A5 /* Supporting Files */ = {
			isa = PBXGroup;
			children = (
				04A1F36A1D107C67000D98A5 /* Info.plist */,
				04A1F36B1D107C67000D98A5 /* main.m */,
			);
			name = "Supporting Files";
			sourceTree = "<group>";
		};
		04A1F37C1D107C67000D98A5 /* empty1Tests */ = {
			isa = PBXGroup;
			children = (
				04A1F37F1D107C67000D98A5 /* empty1Tests.m */,
				04A1F37D1D107C67000D98A5 /* Supporting Files */,
			);
			path = empty1Tests;
			sourceTree = "<group>";
		};
		04A1F37D1D107C67000D98A5 /* Supporting Files */ = {
			isa = PBXGroup;
			children = (
				04A1F37E1D107C67000D98A5 /* Info.plist */,
			);
			name = "Supporting Files";
			sourceTree = "<group>";
		};
/* End PBXGroup section */

/* Begin PBXNativeTarget section */
		04A1F3651D107C67000D98A5 /* empty1 */ = {
			isa = PBXNativeTarget;
			buildConfigurationList = 04A1F3831D107C67000D98A5 /* Build configuration list for PBXNativeTarget "empty1" */;
			buildPhases = (
				04A1F3621D107C67000D98A5 /* Sources */,
				04A1F3631D107C67000D98A5 /* Frameworks */,
				04A1F3641D107C67000D98A5 /* Resources */,
			);
			buildRules = (
			);
			dependencies = (
			);
			name = empty1;
			productName = empty1;
			productReference = 04A1F3661D107C67000D98A5 /* empty1.app */;
			productType = "com.apple.product-type.application";
		};
		04A1F3781D107C67000D98A5 /* empty1Tests */ = {
			isa = PBXNativeTarget;
			buildConfigurationList = 04A1F3861D107C67000D98A5 /* Build configuration list for PBXNativeTarget "empty1Tests" */;
			buildPhases = (
				04A1F3751D107C67000D98A5 /* Sources */,
				04A1F3761D107C67000D98A5 /* Frameworks */,
				04A1F3771D107C67000D98A5 /* Resources */,
			);
			buildRules = (
			);
			dependencies = (
				04A1F37B1D107C67000D98A5 /* PBXTargetDependency */,
			);
			name = empty1Tests;
			productName = empty1Tests;
			productReference = 04A1F3791D107C67000D98A5 /* empty1Tests.xctest */;
			productType = "com.apple.product-type.bundle.unit-test";
		};
/* End PBXNativeTarget section */

/* Begin PBXProject section */
		04A1F35E1D107C67000D98A5 /* Project object */ = {
			isa = PBXProject;
			attributes = {
				LastUpgradeCheck = 0630;
				ORGANIZATIONNAME = Mac;
				TargetAttributes = {
					04A1F3651D107C67000D98A5 = {
						CreatedOnToolsVersion = 6.3.1;
					};
					04A1F3781D107C67000D98A5 = {
						CreatedOnToolsVersion = 6.3.1;
						TestTargetID = 04A1F3651D107C67000D98A5;
					};
				};
			};
			buildConfigurationList = 04A1F3611D107C67000D98A5 /* Build configuration list for PBXProject "empty1" */;
			compatibilityVersion = "Xcode 3.2";
			developmentRegion = English;
			hasScannedForEncodings = 0;
			knownRegions = (
				en,
				Base,
			);
			mainGroup = 04A1F35D1D107C67000D98A5;
			productRefGroup = 04A1F3671D107C67000D98A5 /* Products */;
			projectDirPath = "";
			projectRoot = "";
			targets = (
				04A1F3651D107C67000D98A5 /* empty1 */,
				04A1F3781D107C67000D98A5 /* empty1Tests */,
			);
		};
/* End PBXProject section */

/* Begin PBXResourcesBuildPhase section */
		04A1F3641D107C67000D98A5 /* Resources */ = {
			isa = PBXResourcesBuildPhase;
			buildActionMask = 2147483647;
			files = (
				04A1F3741D107C67000D98A5 /* LaunchScreen.xib in Resources */,
				04A1F3711D107C67000D98A5 /* Images.xcassets in Resources */,
				04A1F38D1D107CE8000D98A5 /* QuizViewController.xib in Resources */,
			);
			runOnlyForDeploymentPostprocessing = 0;
		};
		04A1F3771D107C67000D98A5 /* Resources */ = {
			isa = PBXResourcesBuildPhase;
			buildActionMask = 2147483647;
			files = (
			);
			runOnlyForDeploymentPostprocessing = 0;
		};
/* End PBXResourcesBuildPhase section */

/* Begin PBXSourcesBuildPhase section */
		04A1F3621D107C67000D98A5 /* Sources */ = {
			isa = PBXSourcesBuildPhase;
			buildActionMask = 2147483647;
			files = (
				04A1F36F1D107C67000D98A5 /* AppDelegate.m in Sources */,
				04A1F36C1D107C67000D98A5 /* main.m in Sources */,
				04A1F38C1D107CE8000D98A5 /* QuizViewController.m in Sources */,
			);
			runOnlyForDeploymentPostprocessing = 0;
		};
		04A1F3751D107C67000D98A5 /* Sources */ = {
			isa = PBXSourcesBuildPhase;
			buildActionMask = 2147483647;
			files = (
				04A1F3801D107C67000D98A5 /* empty1Tests.m in Sources */,
			);
			runOnlyForDeploymentPostprocessing = 0;
		};
/* End PBXSourcesBuildPhase section */

/* Begin PBXTargetDependency section */
		04A1F37B1D107C67000D98A5 /* PBXTargetDependency */ = {
			isa = PBXTargetDependency;
			target = 04A1F3651D107C67000D98A5 /* empty1 */;
			targetProxy = 04A1F37A1D107C67000D98A5 /* PBXContainerItemProxy */;
		};
/* End PBXTargetDependency section */

/* Begin PBXVariantGroup section */
		04A1F3721D107C67000D98A5 /* LaunchScreen.xib */ = {
			isa = PBXVariantGroup;
			children = (
				04A1F3731D107C67000D98A5 /* Base */,
			);
			name = LaunchScreen.xib;
			sourceTree = "<group>";
		};
/* End PBXVariantGroup section */

/* Begin XCBuildConfiguration section */
		04A1F3811D107C67000D98A5 /* Debug */ = {
			isa = XCBuildConfiguration;
			buildSettings = {
				ALWAYS_SEARCH_USER_PATHS = NO;
				CLANG_CXX_LANGUAGE_STANDARD = "gnu++0x";
				CLANG_CXX_LIBRARY = "libc++";
				CLANG_ENABLE_MODULES = YES;
				CLANG_ENABLE_OBJC_ARC = YES;
				CLANG_WARN_BOOL_CONVERSION = YES;
				CLANG_WARN_CONSTANT_CONVERSION = YES;
				CLANG_WARN_DIRECT_OBJC_ISA_USAGE = YES_ERROR;
				CLANG_WARN_EMPTY_BODY = YES;
				CLANG_WARN_ENUM_CONVERSION = YES;
				CLANG_WARN_INT_CONVERSION = YES;
				CLANG_WARN_OBJC_ROOT_CLASS = YES_ERROR;
				CLANG_WARN_UNREACHABLE_CODE = YES;
				CLANG_WARN__DUPLICATE_METHOD_MATCH = YES;
				"CODE_SIGN_IDENTITY[sdk=iphoneos*]" = "iPhone Developer";
				COPY_PHASE_STRIP = NO;
				DEBUG_INFORMATION_FORMAT = "dwarf-with-dsym";
				ENABLE_STRICT_OBJC_MSGSEND = YES;
				GCC_C_LANGUAGE_STANDARD = gnu99;
				GCC_DYNAMIC_NO_PIC = NO;
				GCC_NO_COMMON_BLOCKS = YES;
				GCC_OPTIMIZATION_LEVEL = 0;
				GCC_PREPROCESSOR_DEFINITIONS = (
					"DEBUG=1",
					"$(inherited)",
				);
				GCC_SYMBOLS_PRIVATE_EXTERN = NO;
				GCC_WARN_64_TO_32_BIT_CONVERSION = YES;
				GCC_WARN_ABOUT_RETURN_TYPE = YES_ERROR;
				GCC_WARN_UNDECLARED_SELECTOR = YES;
				GCC_WARN_UNINITIALIZED_AUTOS = YES_AGGRESSIVE;
				GCC_WARN_UNUSED_FUNCTION = YES;
				GCC_WARN_UNUSED_VARIABLE = YES;
				IPHONEOS_DEPLOYMENT_TARGET = 7.1;
				MTL_ENABLE_DEBUG_INFO = YES;
				ONLY_ACTIVE_ARCH = YES;
				SDKROOT = iphoneos;
			};
			name = Debug;
		};
		04A1F3821D107C67000D98A5 /* Release */ = {
			isa = XCBuildConfiguration;
			buildSettings = {
				ALWAYS_SEARCH_USER_PATHS = NO;
				CLANG_CXX_LANGUAGE_STANDARD = "gnu++0x";
				CLANG_CXX_LIBRARY = "libc++";
				CLANG_ENABLE_MODULES = YES;
				CLANG_ENABLE_OBJC_ARC = YES;
				CLANG_WARN_BOOL_CONVERSION = YES;
				CLANG_WARN_CONSTANT_CONVERSION = YES;
				CLANG_WARN_DIRECT_OBJC_ISA_USAGE = YES_ERROR;
				CLANG_WARN_EMPTY_BODY = YES;
				CLANG_WARN_ENUM_CONVERSION = YES;
				CLANG_WARN_INT_CONVERSION = YES;
				CLANG_WARN_OBJC_ROOT_CLASS = YES_ERROR;
				CLANG_WARN_UNREACHABLE_CODE = YES;
				CLANG_WARN__DUPLICATE_METHOD_MATCH = YES;
				"CODE_SIGN_IDENTITY[sdk=iphoneos*]" = "iPhone Developer";
				COPY_PHASE_STRIP = NO;
				DEBUG_INFORMATION_FORMAT = "dwarf-with-dsym";
				ENABLE_NS_ASSERTIONS = NO;
				ENABLE_STRICT_OBJC_MSGSEND = YES;
				GCC_C_LANGUAGE_STANDARD = gnu99;
				GCC_NO_COMMON_BLOCKS = YES;
				GCC_WARN_64_TO_32_BIT_CONVERSION = YES;
				GCC_WARN_ABOUT_RETURN_TYPE = YES_ERROR;
				GCC_WARN_UNDECLARED_SELECTOR = YES;
				GCC_WARN_UNINITIALIZED_AUTOS = YES_AGGRESSIVE;
				GCC_WARN_UNUSED_FUNCTION = YES;
				GCC_WARN_UNUSED_VARIABLE = YES;
				IPHONEOS_DEPLOYMENT_TARGET = 7.1;
				MTL_ENABLE_DEBUG_INFO = NO;
				SDKROOT = iphoneos;
				VALIDATE_PRODUCT = YES;
			};
			name = Release;
		};
		04A1F3841D107C67000D98A5 /* Debug */ = {
			isa = XCBuildConfiguration;
			buildSettings = {
				ASSETCATALOG_COMPILER_APPICON_NAME = AppIcon;
				INFOPLIST_FILE = empty1/Info.plist;
				LD_RUNPATH_SEARCH_PATHS = "$(inherited) @executable_path/Frameworks";
				PRODUCT_NAME = "$(TARGET_NAME)";
			};
			name = Debug;
		};
		04A1F3851D107C67000D98A5 /* Release */ = {
			isa = XCBuildConfiguration;
			buildSettings = {
				ASSETCATALOG_COMPILER_APPICON_NAME = AppIcon;
				INFOPLIST_FILE = empty1/Info.plist;
				LD_RUNPATH_SEARCH_PATHS = "$(inherited) @executable_path/Frameworks";
				PRODUCT_NAME = "$(TARGET_NAME)";
			};
			name = Release;
		};
		04A1F3871D107C67000D98A5 /* Debug */ = {
			isa = XCBuildConfiguration;
			buildSettings = {
				BUNDLE_LOADER = "$(TEST_HOST)";
				FRAMEWORK_SEARCH_PATHS = (
					"$(SDKROOT)/Developer/Library/Frameworks",
					"$(inherited)",
				);
				GCC_PREPROCESSOR_DEFINITIONS = (
					"DEBUG=1",
					"$(inherited)",
				);
				INFOPLIST_FILE = empty1Tests/Info.plist;
				LD_RUNPATH_SEARCH_PATHS = "$(inherited) @executable_path/Frameworks @loader_path/Frameworks";
				PRODUCT_NAME = "$(TARGET_NAME)";
				TEST_HOST = "$(BUILT_PRODUCTS_DIR)/empty1.app/empty1";
			};
			name = Debug;
		};
		04A1F3881D107C67000D98A5 /* Release */ = {
			isa = XCBuildConfiguration;
			buildSettings = {
				BUNDLE_LOADER = "$(TEST_HOST)";
				FRAMEWORK_SEARCH_PATHS = (
					"$(SDKROOT)/Developer/Library/Frameworks",
					"$(inherited)",
				);
				INFOPLIST_FILE = empty1Tests/Info.plist;
				LD_RUNPATH_SEARCH_PATHS = "$(inherited) @executable_path/Frameworks @loader_path/Frameworks";
				PRODUCT_NAME = "$(TARGET_NAME)";
				TEST_HOST = "$(BUILT_PRODUCTS_DIR)/empty1.app/empty1";
			};
			name = Release;
		};
/* End XCBuildConfiguration section */

/* Begin XCConfigurationList section */
		04A1F3611D107C67000D98A5 /* Build configuration list for PBXProject "empty1" */ = {
			isa = XCConfigurationList;
			buildConfigurations = (
				04A1F3811D107C67000D98A5 /* Debug */,
				04A1F3821D107C67000D98A5 /* Release */,
			);
			defaultConfigurationIsVisible = 0;
			defaultConfigurationName = Release;
		};
		04A1F3831D107C67000D98A5 /* Build configuration list for PBXNativeTarget "empty1" */ = {
			isa = XCConfigurationList;
			buildConfigurations = (
				04A1F3841D107C67000D98A5 /* Debug */,
				04A1F3851D107C67000D98A5 /* Release */,
			);
			defaultConfigurationIsVisible = 0;
			defaultConfigurationName = Release;
		};
		04A1F3861D107C67000D98A5 /* Build configuration list for PBXNativeTarget "empty1Tests" */ = {
			isa = XCConfigurationList;
			buildConfigurations = (
				04A1F3871D107C67000D98A5 /* Debug */,
				04A1F3881D107C67000D98A5 /* Release */,
			);
			defaultConfigurationIsVisible = 0;
			defaultConfigurationName = Release;
		};
/* End XCConfigurationList section */
	};
	rootObject = 04A1F35E1D107C67000D98A5 /* Project object */;
}
